// !$*UTF8*$!
{
	archiveVersion = 1;
	classes = {
	};
	objectVersion = 46;
	objects = {
		932FB996752D2425609C99B1 = {
			isa = PBXBuildFile;
			fileRef = 680A70852BFB8D916ED57FA1;
		};
		4DD18DA791A099F4929F0EAD = {
			isa = PBXBuildFile;
			fileRef = 9651931B74832986D0A32A21;
		};
		A1D387313446270660D6EE6B = {
			isa = PBXBuildFile;
			fileRef = 0E2A81EC2CD8D077C1AE1EF1;
		};
		5066CECC266BF5F9B47A8B33 = {
			isa = PBXBuildFile;
			fileRef = 0EF9712E95F7B0D51D7089A1;
		};
		FC90824E2C001DC1991D78B7 = {
			isa = PBXBuildFile;
			fileRef = 1D0C26B6E4BE275E946EC9F8;
		};
		08990DB773591976358F9A8E = {
			isa = PBXBuildFile;
			fileRef = CA755C73F4ECFA53A751652A;
		};
		F86275D5B0C1C14D710245F4 = {
			isa = PBXBuildFile;
			fileRef = 36729058F716C9928436476A;
		};
		BB9B5021F93AE7190AB7A298 = {
			isa = PBXBuildFile;
			fileRef = 728B28B106C574CAE21D3DEC;
		};
		0E5ACE791BCD352534A0C50F = {
			isa = PBXBuildFile;
			fileRef = 126314927E573C429BF8A278;
		};
		03998337E549E74608FE2AD1 = {
			isa = PBXBuildFile;
			fileRef = EACD6A7EAF9AE6536A8A1521;
		};
		A0E7903855CEBCB72C7D8A61 = {
			isa = PBXBuildFile;
			fileRef = B4676CEA25F49936CEA2B1BE;
		};
		99842EADEB4A4E364E25F230 = {
			isa = PBXBuildFile;
			fileRef = 75B3E8B5B4D3F32A4069C4F0;
		};
		C4444574723B9D194F531806 = {
			isa = PBXBuildFile;
			fileRef = 2C9D2417436BDEFC0CF35507;
		};
		00200A9139C847D9AC89F9B5 = {
			isa = PBXBuildFile;
			fileRef = 74522765BC3CFEF13D396206;
		};
		0687AF7257B81FC1075C0EAB = {
			isa = PBXBuildFile;
			fileRef = 94DFED0390D5F207154B90B8;
		};
		404CF61E9BBCAB1D2DDA4251 = {
			isa = PBXBuildFile;
			fileRef = F2B04F0E67D1481DAD5C065E;
		};
		E0676610B2D05B0FEA9F84FE = {
			isa = PBXBuildFile;
			fileRef = C5A2DB17AA2312A3EFF00A29;
		};
		0D964548E5E55D53B6094F5A = {
			isa = PBXBuildFile;
			fileRef = 3A6B0EA14A6AEFA18B75CDDE;
		};
		72729D50EC6600D4958DD39B = {
			isa = PBXBuildFile;
			fileRef = AA30BE9000F6909F630002BC;
		};
		0DB655E7A9FA4AF7F702DAC5 = {
			isa = PBXBuildFile;
			fileRef = 1860AF85C0E70CFF7087D3F4;
		};
		5450D8BCC0A21308F81DA00D = {
			isa = PBXBuildFile;
			fileRef = 05FD76A40E19BADD751E6301;
		};
		5B5F87E93DE386B1B4D5F8CF = {
			isa = PBXBuildFile;
			fileRef = 3BDF28868B63C34549DC422E;
		};
		2ADBD475F0A74C47F0856BC2 = {
			isa = PBXBuildFile;
			fileRef = D4B2DB00080D26D2B0B1FE33;
		};
		9C84D786AC667A740978EF04 = {
			isa = PBXBuildFile;
			fileRef = 3199B58496663EC4EBFB3D9E;
		};
		082D935EA4B9C9706ED2D533 = {
			isa = PBXBuildFile;
			fileRef = A23F1804511EAF9ACA097BF1;
		};
		063882805E3A11986B308254 = {
			isa = PBXBuildFile;
			fileRef = 5B69C25260D949080EC025FE;
		};
		AA713E593C69B0D07F5A633A = {
			isa = PBXBuildFile;
			fileRef = B9993723D15F696FE4873E25;
		};
		C9D87E1B96AAFA6BFC331247 = {
			isa = PBXBuildFile;
			fileRef = F74777FB61ED2CF5A3B96044;
		};
		72874B466EB7AAF4E58278A7 = {
			isa = PBXBuildFile;
			fileRef = 3ED2EDA735762C9238D5BF70;
		};
		94D8C24DFDC38B270B57FCA2 = {
			isa = PBXBuildFile;
			fileRef = FB9A2F53CE8A85FD6ADF1ADF;
		};
		F84F9C73C497F53CAC7E2E11 = {
			isa = PBXBuildFile;
			fileRef = 364F9FB1C91CF7B6152B8F75;
		};
		E2928ED96817C18B29973771 = {
			isa = PBXBuildFile;
			fileRef = 0C8BA52BE0CA831490AE3137;
		};
		1436DB720FCDC75C84E66F03 = {
			isa = PBXBuildFile;
			fileRef = 4DC6763C1DDC5BA84E5431E8;
		};
		23359CE47F6B2AEC55425542 = {
			isa = PBXBuildFile;
			fileRef = 6EB57783711086713681AC6B;
		};
		2E20F90388177B69C1FCC00F = {
			isa = PBXBuildFile;
			fileRef = 22ECF1809A0D1B76DAC37ACD;
		};
		C3CE7B1AE0917570D823C772 = {
			isa = PBXBuildFile;
			fileRef = 877676D09094A6190B354941;
		};
		46C9E23BB9152543391C1E3F = {
			isa = PBXBuildFile;
			fileRef = 041B817FBC233D52BCF64774;
		};
		A9806997531A8AF5A79EEFA0 = {
			isa = PBXBuildFile;
			fileRef = 8C5D3370DBD27E1FBA87E85D;
		};
		F2B12AF9ABCE6188FCCC2CD1 = {
			isa = PBXBuildFile;
			fileRef = C684B08ABECD3DE4C5A56AAC;
		};
		87AF08DF775D465A4C0F2948 = {
			isa = PBXBuildFile;
			fileRef = 279038E9F5232B60E9A51AF3;
		};
		02F0AD67B606B12876B1FA8A = {
			isa = PBXFileReference;
			lastKnownFileType = file;
			name = "juce_audio_utils";
			path = "../../../../JUCE/modules/juce_audio_utils";
			sourceTree = "SOURCE_ROOT";
		};
		041B817FBC233D52BCF64774 = {
			isa = PBXFileReference;
			lastKnownFileType = sourcecode.cpp.objcpp;
			name = "include_juce_graphics.mm";
			path = "../../JuceLibraryCode/include_juce_graphics.mm";
			sourceTree = "SOURCE_ROOT";
		};
		05FD76A40E19BADD751E6301 = {
			isa = PBXFileReference;
			lastKnownFileType = sourcecode.cpp.objcpp;
			name = "include_juce_audio_basics.mm";
			path = "../../JuceLibraryCode/include_juce_audio_basics.mm";
			sourceTree = "SOURCE_ROOT";
		};
		0820A0FC980F1597BBCA3A2B = {
			isa = PBXFileReference;
			lastKnownFileType = file;
			name = "juce_data_structures";
			path = "../../../../JUCE/modules/juce_data_structures";
			sourceTree = "SOURCE_ROOT";
		};
		0C8BA52BE0CA831490AE3137 = {
			isa = PBXFileReference;
			lastKnownFileType = sourcecode.cpp.objcpp;
			name = "include_juce_audio_utils.mm";
			path = "../../JuceLibraryCode/include_juce_audio_utils.mm";
			sourceTree = "SOURCE_ROOT";
		};
		680A70852BFB8D916ED57FA1 = {
			isa = PBXFileReference;
			explicitFileType = wrapper.cfbundle;
			includeInIndex = 0;
			path = Harmonizer.vst3;
			sourceTree = "BUILT_PRODUCTS_DIR";
		};
		9651931B74832986D0A32A21 = {
			isa = PBXFileReference;
			explicitFileType = wrapper.cfbundle;
			includeInIndex = 0;
			path = Harmonizer.component;
			sourceTree = "BUILT_PRODUCTS_DIR";
		};
		0E2A81EC2CD8D077C1AE1EF1 = {
			isa = PBXFileReference;
			explicitFileType = wrapper.application;
			includeInIndex = 0;
			path = Harmonizer.app;
			sourceTree = "BUILT_PRODUCTS_DIR";
		};
		0EF9712E95F7B0D51D7089A1 = {
			isa = PBXFileReference;
			explicitFileType = archive.ar;
			includeInIndex = 0;
			path = libHarmonizer.a;
			sourceTree = "BUILT_PRODUCTS_DIR";
		};
		126314927E573C429BF8A278 = {
			isa = PBXFileReference;
			lastKnownFileType = wrapper.framework;
			name = Cocoa.framework;
			path = System/Library/Frameworks/Cocoa.framework;
			sourceTree = SDKROOT;
		};
		1860AF85C0E70CFF7087D3F4 = {
			isa = PBXFileReference;
			lastKnownFileType = sourcecode.cpp.cpp;
			name = PluginEditor.cpp;
			path = ../../Source/PluginEditor.cpp;
			sourceTree = "SOURCE_ROOT";
		};
		1D0C26B6E4BE275E946EC9F8 = {
			isa = PBXFileReference;
			lastKnownFileType = wrapper.framework;
			name = Accelerate.framework;
			path = System/Library/Frameworks/Accelerate.framework;
			sourceTree = SDKROOT;
		};
		22ECF1809A0D1B76DAC37ACD = {
			isa = PBXFileReference;
			lastKnownFileType = sourcecode.cpp.objcpp;
			name = "include_juce_data_structures.mm";
			path = "../../JuceLibraryCode/include_juce_data_structures.mm";
			sourceTree = "SOURCE_ROOT";
		};
		279038E9F5232B60E9A51AF3 = {
			isa = PBXFileReference;
			lastKnownFileType = sourcecode.cpp.objcpp;
			name = "include_juce_opengl.mm";
			path = "../../JuceLibraryCode/include_juce_opengl.mm";
			sourceTree = "SOURCE_ROOT";
		};
		2C9D2417436BDEFC0CF35507 = {
			isa = PBXFileReference;
			lastKnownFileType = wrapper.framework;
			name = DiscRecording.framework;
			path = System/Library/Frameworks/DiscRecording.framework;
			sourceTree = SDKROOT;
		};
		3199B58496663EC4EBFB3D9E = {
			isa = PBXFileReference;
			lastKnownFileType = file.r;
			name = "include_juce_audio_plugin_client_AU.r";
			path = "../../JuceLibraryCode/include_juce_audio_plugin_client_AU.r";
			sourceTree = "SOURCE_ROOT";
		};
		364F9FB1C91CF7B6152B8F75 = {
			isa = PBXFileReference;
			lastKnownFileType = sourcecode.cpp.objcpp;
			name = "include_juce_audio_processors.mm";
			path = "../../JuceLibraryCode/include_juce_audio_processors.mm";
			sourceTree = "SOURCE_ROOT";
		};
		36729058F716C9928436476A = {
			isa = PBXFileReference;
			lastKnownFileType = wrapper.framework;
			name = AudioUnit.framework;
			path = System/Library/Frameworks/AudioUnit.framework;
			sourceTree = SDKROOT;
		};
		37CB68EB43370973DD89E9BA = {
			isa = PBXFileReference;
			lastKnownFileType = file;
			name = "juce_events";
			path = "../../../../JUCE/modules/juce_events";
			sourceTree = "SOURCE_ROOT";
		};
		3A6B0EA14A6AEFA18B75CDDE = {
			isa = PBXFileReference;
			lastKnownFileType = file.nib;
			name = RecentFilesMenuTemplate.nib;
			path = RecentFilesMenuTemplate.nib;
			sourceTree = "SOURCE_ROOT";
		};
		3BDF28868B63C34549DC422E = {
			isa = PBXFileReference;
			lastKnownFileType = sourcecode.cpp.objcpp;
			name = "include_juce_audio_devices.mm";
			path = "../../JuceLibraryCode/include_juce_audio_devices.mm";
			sourceTree = "SOURCE_ROOT";
		};
		3ED2EDA735762C9238D5BF70 = {
			isa = PBXFileReference;
			lastKnownFileType = sourcecode.cpp.objcpp;
			name = "include_juce_audio_plugin_client_VST_utils.mm";
			path = "../../JuceLibraryCode/include_juce_audio_plugin_client_VST_utils.mm";
			sourceTree = "SOURCE_ROOT";
		};
		3F0416CF44B6DDBCEA7706EB = {
			isa = PBXFileReference;
			lastKnownFileType = file;
			name = "juce_audio_devices";
			path = "../../../../JUCE/modules/juce_audio_devices";
			sourceTree = "SOURCE_ROOT";
		};
		453F2D58D2B19B0F245165A0 = {
			isa = PBXFileReference;
			lastKnownFileType = sourcecode.c.h;
			name = JuceHeader.h;
			path = ../../JuceLibraryCode/JuceHeader.h;
			sourceTree = "SOURCE_ROOT";
		};
		4DC6763C1DDC5BA84E5431E8 = {
			isa = PBXFileReference;
			lastKnownFileType = sourcecode.cpp.objcpp;
			name = "include_juce_core.mm";
			path = "../../JuceLibraryCode/include_juce_core.mm";
			sourceTree = "SOURCE_ROOT";
		};
		5B69C25260D949080EC025FE = {
			isa = PBXFileReference;
			lastKnownFileType = sourcecode.cpp.objcpp;
			name = "include_juce_audio_plugin_client_AU_2.mm";
			path = "../../JuceLibraryCode/include_juce_audio_plugin_client_AU_2.mm";
			sourceTree = "SOURCE_ROOT";
		};
		611277FD7529DED6BCA9F6CE = {
			isa = PBXFileReference;
			lastKnownFileType = text.plist.xml;
			name = "Info-AU.plist";
			path = "Info-AU.plist";
			sourceTree = "SOURCE_ROOT";
		};
		65944D8830B852C230CC6461 = {
			isa = PBXFileReference;
			lastKnownFileType = file;
			name = "juce_cryptography";
			path = "../../../../JUCE/modules/juce_cryptography";
			sourceTree = "SOURCE_ROOT";
		};
		6B8EF88BA03BD96B682BE35E = {
			isa = PBXFileReference;
			lastKnownFileType = file;
			name = "juce_audio_formats";
			path = "../../../../JUCE/modules/juce_audio_formats";
			sourceTree = "SOURCE_ROOT";
		};
		6EB57783711086713681AC6B = {
			isa = PBXFileReference;
			lastKnownFileType = sourcecode.cpp.objcpp;
			name = "include_juce_cryptography.mm";
			path = "../../JuceLibraryCode/include_juce_cryptography.mm";
			sourceTree = "SOURCE_ROOT";
		};
		728B28B106C574CAE21D3DEC = {
			isa = PBXFileReference;
			lastKnownFileType = wrapper.framework;
			name = Carbon.framework;
			path = System/Library/Frameworks/Carbon.framework;
			sourceTree = SDKROOT;
		};
		74522765BC3CFEF13D396206 = {
			isa = PBXFileReference;
			lastKnownFileType = wrapper.framework;
			name = IOKit.framework;
			path = System/Library/Frameworks/IOKit.framework;
			sourceTree = SDKROOT;
		};
		75B3E8B5B4D3F32A4069C4F0 = {
			isa = PBXFileReference;
			lastKnownFileType = wrapper.framework;
			name = CoreMIDI.framework;
			path = System/Library/Frameworks/CoreMIDI.framework;
			sourceTree = SDKROOT;
		};
		76DF0C72F12CC8C5F8E798AA = {
			isa = PBXFileReference;
			lastKnownFileType = sourcecode.c.h;
			name = PluginEditor.h;
			path = ../../Source/PluginEditor.h;
			sourceTree = "SOURCE_ROOT";
		};
		877676D09094A6190B354941 = {
			isa = PBXFileReference;
			lastKnownFileType = sourcecode.cpp.objcpp;
			name = "include_juce_events.mm";
			path = "../../JuceLibraryCode/include_juce_events.mm";
			sourceTree = "SOURCE_ROOT";
		};
		8C5D3370DBD27E1FBA87E85D = {
			isa = PBXFileReference;
			lastKnownFileType = sourcecode.cpp.objcpp;
			name = "include_juce_gui_basics.mm";
			path = "../../JuceLibraryCode/include_juce_gui_basics.mm";
			sourceTree = "SOURCE_ROOT";
		};
		94DFED0390D5F207154B90B8 = {
			isa = PBXFileReference;
			lastKnownFileType = wrapper.framework;
			name = OpenGL.framework;
			path = System/Library/Frameworks/OpenGL.framework;
			sourceTree = SDKROOT;
		};
		A23F1804511EAF9ACA097BF1 = {
			isa = PBXFileReference;
			lastKnownFileType = sourcecode.cpp.objcpp;
			name = "include_juce_audio_plugin_client_AU_1.mm";
			path = "../../JuceLibraryCode/include_juce_audio_plugin_client_AU_1.mm";
			sourceTree = "SOURCE_ROOT";
		};
		A2FEAA49D60EE927BB718FCA = {
			isa = PBXFileReference;
			lastKnownFileType = file;
			name = "juce_opengl";
			path = "../../../../JUCE/modules/juce_opengl";
			sourceTree = "SOURCE_ROOT";
		};
		A3B1756F515318A9AB7AC80E = {
			isa = PBXFileReference;
			lastKnownFileType = file;
			name = "juce_gui_extra";
			path = "../../../../JUCE/modules/juce_gui_extra";
			sourceTree = "SOURCE_ROOT";
		};
		AA30BE9000F6909F630002BC = {
			isa = PBXFileReference;
			lastKnownFileType = sourcecode.cpp.cpp;
			name = PluginProcessor.cpp;
			path = ../../Source/PluginProcessor.cpp;
			sourceTree = "SOURCE_ROOT";
		};
		B4676CEA25F49936CEA2B1BE = {
			isa = PBXFileReference;
			lastKnownFileType = wrapper.framework;
			name = CoreAudioKit.framework;
			path = System/Library/Frameworks/CoreAudioKit.framework;
			sourceTree = SDKROOT;
		};
		B9993723D15F696FE4873E25 = {
			isa = PBXFileReference;
			lastKnownFileType = sourcecode.cpp.cpp;
			name = "include_juce_audio_plugin_client_Standalone.cpp";
			path = "../../JuceLibraryCode/include_juce_audio_plugin_client_Standalone.cpp";
			sourceTree = "SOURCE_ROOT";
		};
		C5A2DB17AA2312A3EFF00A29 = {
			isa = PBXFileReference;
			lastKnownFileType = wrapper.framework;
			name = WebKit.framework;
			path = System/Library/Frameworks/WebKit.framework;
			sourceTree = SDKROOT;
		};
		C684B08ABECD3DE4C5A56AAC = {
			isa = PBXFileReference;
			lastKnownFileType = sourcecode.cpp.objcpp;
			name = "include_juce_gui_extra.mm";
			path = "../../JuceLibraryCode/include_juce_gui_extra.mm";
			sourceTree = "SOURCE_ROOT";
		};
		C75B8079E7047289B069C4F1 = {
			isa = PBXFileReference;
			lastKnownFileType = sourcecode.c.h;
			name = PluginProcessor.h;
			path = ../../Source/PluginProcessor.h;
			sourceTree = "SOURCE_ROOT";
		};
		CA755C73F4ECFA53A751652A = {
			isa = PBXFileReference;
			lastKnownFileType = wrapper.framework;
			name = AudioToolbox.framework;
			path = System/Library/Frameworks/AudioToolbox.framework;
			sourceTree = SDKROOT;
		};
		CF6B38ECCF4E4C2FBE589063 = {
			isa = PBXFileReference;
			lastKnownFileType = file;
			name = "juce_core";
			path = "../../../../JUCE/modules/juce_core";
			sourceTree = "SOURCE_ROOT";
		};
		D1216E680F2FB017AA5DDCB0 = {
			isa = PBXFileReference;
			lastKnownFileType = sourcecode.c.h;
			name = AppConfig.h;
			path = ../../JuceLibraryCode/AppConfig.h;
			sourceTree = "SOURCE_ROOT";
		};
		D4B2DB00080D26D2B0B1FE33 = {
			isa = PBXFileReference;
			lastKnownFileType = sourcecode.cpp.objcpp;
			name = "include_juce_audio_formats.mm";
			path = "../../JuceLibraryCode/include_juce_audio_formats.mm";
			sourceTree = "SOURCE_ROOT";
		};
		DF3F7E47C9E1D29917CCDD76 = {
			isa = PBXFileReference;
			lastKnownFileType = text.plist.xml;
			name = "Info-VST3.plist";
			path = "Info-VST3.plist";
			sourceTree = "SOURCE_ROOT";
		};
		DFE1D549B2ACCFF7B49FB518 = {
			isa = PBXFileReference;
			lastKnownFileType = text.plist.xml;
			name = Harmonizer.entitlements;
			path = Harmonizer.entitlements;
			sourceTree = "SOURCE_ROOT";
		};
		E72A093DE13B522EE188A8D0 = {
			isa = PBXFileReference;
			lastKnownFileType = file;
			name = "juce_gui_basics";
			path = "../../../../JUCE/modules/juce_gui_basics";
			sourceTree = "SOURCE_ROOT";
		};
		E7C78270FEEC43905FA8CDD6 = {
			isa = PBXFileReference;
			lastKnownFileType = file;
			name = "juce_audio_basics";
			path = "../../../../JUCE/modules/juce_audio_basics";
			sourceTree = "SOURCE_ROOT";
		};
		EACD6A7EAF9AE6536A8A1521 = {
			isa = PBXFileReference;
			lastKnownFileType = wrapper.framework;
			name = CoreAudio.framework;
			path = System/Library/Frameworks/CoreAudio.framework;
			sourceTree = SDKROOT;
		};
		EBA4AB2CADE1BCE50A287E48 = {
			isa = PBXFileReference;
			lastKnownFileType = text.plist.xml;
			name = "Info-Standalone_Plugin.plist";
			path = "Info-Standalone_Plugin.plist";
			sourceTree = "SOURCE_ROOT";
		};
		F2B04F0E67D1481DAD5C065E = {
			isa = PBXFileReference;
			lastKnownFileType = wrapper.framework;
			name = QuartzCore.framework;
			path = System/Library/Frameworks/QuartzCore.framework;
			sourceTree = SDKROOT;
		};
		F61323EBD3DF0BA5041ED6C6 = {
			isa = PBXFileReference;
			lastKnownFileType = file;
			name = "juce_audio_processors";
			path = "../../../../JUCE/modules/juce_audio_processors";
			sourceTree = "SOURCE_ROOT";
		};
		F74777FB61ED2CF5A3B96044 = {
			isa = PBXFileReference;
			lastKnownFileType = sourcecode.cpp.cpp;
			name = "include_juce_audio_plugin_client_utils.cpp";
			path = "../../JuceLibraryCode/include_juce_audio_plugin_client_utils.cpp";
			sourceTree = "SOURCE_ROOT";
		};
		FB8FDC50533D0F04ED1BD54F = {
			isa = PBXFileReference;
			lastKnownFileType = file;
			name = "juce_audio_plugin_client";
			path = "../../../../JUCE/modules/juce_audio_plugin_client";
			sourceTree = "SOURCE_ROOT";
		};
		FB9A2F53CE8A85FD6ADF1ADF = {
			isa = PBXFileReference;
			lastKnownFileType = sourcecode.cpp.cpp;
			name = "include_juce_audio_plugin_client_VST3.cpp";
			path = "../../JuceLibraryCode/include_juce_audio_plugin_client_VST3.cpp";
			sourceTree = "SOURCE_ROOT";
		};
		FF054A534A6AD3BD83F7B476 = {
			isa = PBXFileReference;
			lastKnownFileType = file;
			name = "juce_graphics";
			path = "../../../../JUCE/modules/juce_graphics";
			sourceTree = "SOURCE_ROOT";
		};
		ADC8C244D1AA7D4561267838 = {
			isa = PBXGroup;
			children = (
				AA30BE9000F6909F630002BC,
				C75B8079E7047289B069C4F1,
				1860AF85C0E70CFF7087D3F4,
				76DF0C72F12CC8C5F8E798AA,
			);
			name = Source;
			sourceTree = "<group>";
		};
		803340200267F2F2A5281D5E = {
			isa = PBXGroup;
			children = (
				ADC8C244D1AA7D4561267838,
			);
			name = Harmonizer;
			sourceTree = "<group>";
		};
		A45F840B59E07BA841377CBB = {
			isa = PBXGroup;
			children = (
				E7C78270FEEC43905FA8CDD6,
				3F0416CF44B6DDBCEA7706EB,
				6B8EF88BA03BD96B682BE35E,
				FB8FDC50533D0F04ED1BD54F,
				F61323EBD3DF0BA5041ED6C6,
				02F0AD67B606B12876B1FA8A,
				CF6B38ECCF4E4C2FBE589063,
				65944D8830B852C230CC6461,
				0820A0FC980F1597BBCA3A2B,
				37CB68EB43370973DD89E9BA,
				FF054A534A6AD3BD83F7B476,
				E72A093DE13B522EE188A8D0,
				A3B1756F515318A9AB7AC80E,
				A2FEAA49D60EE927BB718FCA,
			);
			name = "JUCE Modules";
			sourceTree = "<group>";
		};
		62D5DCCE3F6BB3E27EE9553C = {
			isa = PBXGroup;
			children = (
				D1216E680F2FB017AA5DDCB0,
				05FD76A40E19BADD751E6301,
				3BDF28868B63C34549DC422E,
				D4B2DB00080D26D2B0B1FE33,
				3199B58496663EC4EBFB3D9E,
				A23F1804511EAF9ACA097BF1,
				5B69C25260D949080EC025FE,
				B9993723D15F696FE4873E25,
				F74777FB61ED2CF5A3B96044,
				3ED2EDA735762C9238D5BF70,
				FB9A2F53CE8A85FD6ADF1ADF,
				364F9FB1C91CF7B6152B8F75,
				0C8BA52BE0CA831490AE3137,
				4DC6763C1DDC5BA84E5431E8,
				6EB57783711086713681AC6B,
				22ECF1809A0D1B76DAC37ACD,
				877676D09094A6190B354941,
				041B817FBC233D52BCF64774,
				8C5D3370DBD27E1FBA87E85D,
				C684B08ABECD3DE4C5A56AAC,
				279038E9F5232B60E9A51AF3,
				453F2D58D2B19B0F245165A0,
			);
			name = "JUCE Library Code";
			sourceTree = "<group>";
		};
		A0B27C4C0DC7F2352378C897 = {
			isa = PBXGroup;
			children = (
				DF3F7E47C9E1D29917CCDD76,
				611277FD7529DED6BCA9F6CE,
				EBA4AB2CADE1BCE50A287E48,
				3A6B0EA14A6AEFA18B75CDDE,
			);
			name = Resources;
			sourceTree = "<group>";
		};
		65863FAF7BF13B519A27A160 = {
			isa = PBXGroup;
			children = (
				1D0C26B6E4BE275E946EC9F8,
				CA755C73F4ECFA53A751652A,
				36729058F716C9928436476A,
				728B28B106C574CAE21D3DEC,
				126314927E573C429BF8A278,
				EACD6A7EAF9AE6536A8A1521,
				B4676CEA25F49936CEA2B1BE,
				75B3E8B5B4D3F32A4069C4F0,
				2C9D2417436BDEFC0CF35507,
				74522765BC3CFEF13D396206,
				94DFED0390D5F207154B90B8,
				F2B04F0E67D1481DAD5C065E,
				C5A2DB17AA2312A3EFF00A29,
			);
			name = Frameworks;
			sourceTree = "<group>";
		};
		1A28C647F3B55A02AA37B0BD = {
			isa = PBXGroup;
			children = (
				680A70852BFB8D916ED57FA1,
				9651931B74832986D0A32A21,
				0E2A81EC2CD8D077C1AE1EF1,
				0EF9712E95F7B0D51D7089A1,
			);
			name = Products;
			sourceTree = "<group>";
		};
		EB895E222C8ACA763E6EA3C8 = {
			isa = PBXGroup;
			children = (
				803340200267F2F2A5281D5E,
				A45F840B59E07BA841377CBB,
				62D5DCCE3F6BB3E27EE9553C,
				A0B27C4C0DC7F2352378C897,
				65863FAF7BF13B519A27A160,
				1A28C647F3B55A02AA37B0BD,
			);
			name = Source;
			sourceTree = "<group>";
		};
		64342F113FA071BBC8E07B24 = {
			isa = XCBuildConfiguration;
			buildSettings = {
				MACOSX_DEPLOYMENT_TARGET = 10.11;
			};
			name = Debug;
		};
		17053E47AD66506E4B008FAE = {
			isa = XCBuildConfiguration;
			buildSettings = {
				MACOSX_DEPLOYMENT_TARGET = 10.11;
			};
			name = Release;
		};
		801C380282CD0541F73EF817 = {
			isa = XCBuildConfiguration;
			buildSettings = {
				CLANG_CXX_LANGUAGE_STANDARD = "c++14";
				CLANG_CXX_LIBRARY = "libc++";
				CLANG_LINK_OBJC_RUNTIME = NO;
				CODE_SIGN_IDENTITY = "";
				COMBINE_HIDPI_IMAGES = YES;
				CONFIGURATION_BUILD_DIR = "$(PROJECT_DIR)/build/$(CONFIGURATION)";
				COPY_PHASE_STRIP = NO;
				DEPLOYMENT_LOCATION = YES;
				DSTROOT = /;
				GCC_DYNAMIC_NO_PIC = NO;
				GCC_OPTIMIZATION_LEVEL = 0;
				GCC_PREPROCESSOR_DEFINITIONS = (
					"_DEBUG=1",
					"DEBUG=1",
					"JUCER_XCODE_MAC_F6D2F4CF=1",
					"JUCE_APP_VERSION=1.0.0",
					"JUCE_APP_VERSION_HEX=0x10000",
					"JucePlugin_Build_VST=0",
					"JucePlugin_Build_VST3=1",
					"JucePlugin_Build_AU=0",
					"JucePlugin_Build_AUv3=0",
					"JucePlugin_Build_RTAS=0",
					"JucePlugin_Build_AAX=0",
					"JucePlugin_Build_Standalone=0",
					"JucePlugin_Build_Unity=0",
				);
				GCC_VERSION = com.apple.compilers.llvm.clang.1_0;
				GENERATE_PKGINFO_FILE = YES;
				HEADER_SEARCH_PATHS = (
					"../../../../JUCE/modules/juce_audio_processors/format_types/VST3_SDK",
					"../../JuceLibraryCode",
					"../../../../JUCE/modules",
					"../../../../JUCE/modules/juce_audio_plugin_client",
					"$(inherited)",
				);
				INFOPLIST_FILE = Info-VST3.plist;
				INFOPLIST_PREPROCESS = NO;
				INSTALL_PATH = "$(HOME)/Library/Audio/Plug-Ins/VST3/";
				LIBRARY_STYLE = Bundle;
				MACOSX_DEPLOYMENT_TARGET = 10.11;
				OTHER_LDFLAGS = "-bundle -lHarmonizer";
				PRODUCT_BUNDLE_IDENTIFIER = com.Dysomni.Harmonizer;
				PRODUCT_NAME = "Harmonizer";
				USE_HEADERMAP = NO;
				WRAPPER_EXTENSION = vst3;
			};
			name = Debug;
		};
		5C17FEB57C2F8FCB2E452AC5 = {
			isa = XCBuildConfiguration;
			buildSettings = {
				CLANG_CXX_LANGUAGE_STANDARD = "c++14";
				CLANG_CXX_LIBRARY = "libc++";
				CLANG_LINK_OBJC_RUNTIME = NO;
				CODE_SIGN_IDENTITY = "";
				COMBINE_HIDPI_IMAGES = YES;
				CONFIGURATION_BUILD_DIR = "$(PROJECT_DIR)/build/$(CONFIGURATION)";
				DEAD_CODE_STRIPPING = YES;
				DEPLOYMENT_LOCATION = YES;
				DSTROOT = /;
				GCC_GENERATE_DEBUGGING_SYMBOLS = NO;
				GCC_OPTIMIZATION_LEVEL = 3;
				GCC_PREPROCESSOR_DEFINITIONS = (
					"_NDEBUG=1",
					"NDEBUG=1",
					"JUCER_XCODE_MAC_F6D2F4CF=1",
					"JUCE_APP_VERSION=1.0.0",
					"JUCE_APP_VERSION_HEX=0x10000",
					"JucePlugin_Build_VST=0",
					"JucePlugin_Build_VST3=1",
					"JucePlugin_Build_AU=0",
					"JucePlugin_Build_AUv3=0",
					"JucePlugin_Build_RTAS=0",
					"JucePlugin_Build_AAX=0",
					"JucePlugin_Build_Standalone=0",
					"JucePlugin_Build_Unity=0",
				);
				GCC_SYMBOLS_PRIVATE_EXTERN = YES;
				GCC_VERSION = com.apple.compilers.llvm.clang.1_0;
				GENERATE_PKGINFO_FILE = YES;
				HEADER_SEARCH_PATHS = (
					"../../../../JUCE/modules/juce_audio_processors/format_types/VST3_SDK",
					"../../JuceLibraryCode",
					"../../../../JUCE/modules",
					"../../../../JUCE/modules/juce_audio_plugin_client",
					"$(inherited)",
				);
				INFOPLIST_FILE = Info-VST3.plist;
				INFOPLIST_PREPROCESS = NO;
				INSTALL_PATH = "$(HOME)/Library/Audio/Plug-Ins/VST3/";
				LIBRARY_STYLE = Bundle;
				LLVM_LTO = YES;
				MACOSX_DEPLOYMENT_TARGET = 10.11;
				OTHER_LDFLAGS = "-bundle -lHarmonizer";
				PRODUCT_BUNDLE_IDENTIFIER = com.Dysomni.Harmonizer;
				PRODUCT_NAME = "Harmonizer";
				USE_HEADERMAP = NO;
				WRAPPER_EXTENSION = vst3;
			};
			name = Release;
		};
		8ECFF27076D5D837909CCA67 = {
			isa = XCBuildConfiguration;
			buildSettings = {
				CLANG_CXX_LANGUAGE_STANDARD = "c++14";
				CLANG_CXX_LIBRARY = "libc++";
				CLANG_LINK_OBJC_RUNTIME = NO;
				CODE_SIGN_IDENTITY = "";
				COMBINE_HIDPI_IMAGES = YES;
				CONFIGURATION_BUILD_DIR = "$(PROJECT_DIR)/build/$(CONFIGURATION)";
				COPY_PHASE_STRIP = NO;
				DEPLOYMENT_LOCATION = YES;
				DSTROOT = /;
				GCC_DYNAMIC_NO_PIC = NO;
				GCC_OPTIMIZATION_LEVEL = 0;
				GCC_PREPROCESSOR_DEFINITIONS = (
					"_DEBUG=1",
					"DEBUG=1",
					"JUCER_XCODE_MAC_F6D2F4CF=1",
					"JUCE_APP_VERSION=1.0.0",
					"JUCE_APP_VERSION_HEX=0x10000",
					"JucePlugin_Build_VST=0",
					"JucePlugin_Build_VST3=0",
					"JucePlugin_Build_AU=1",
					"JucePlugin_Build_AUv3=0",
					"JucePlugin_Build_RTAS=0",
					"JucePlugin_Build_AAX=0",
					"JucePlugin_Build_Standalone=0",
					"JucePlugin_Build_Unity=0",
				);
				GCC_VERSION = com.apple.compilers.llvm.clang.1_0;
				GENERATE_PKGINFO_FILE = YES;
				HEADER_SEARCH_PATHS = (
					"../../../../JUCE/modules/juce_audio_processors/format_types/VST3_SDK",
					"../../JuceLibraryCode",
					"../../../../JUCE/modules",
					"../../../../JUCE/modules/juce_audio_plugin_client",
					"$(inherited)",
				);
				INFOPLIST_FILE = Info-AU.plist;
				INFOPLIST_PREPROCESS = NO;
				INSTALL_PATH = "$(HOME)/Library/Audio/Plug-Ins/Components/";
				LIBRARY_STYLE = Bundle;
				MACOSX_DEPLOYMENT_TARGET = 10.11;
				OTHER_LDFLAGS = "-bundle -lHarmonizer";
				OTHER_REZFLAGS = "-d ppc_$ppc -d i386_$i386 -d ppc64_$ppc64 -d x86_64_$x86_64 -I /System/Library/Frameworks/CoreServices.framework/Frameworks/CarbonCore.framework/Versions/A/Headers -I \"$(DEVELOPER_DIR)/Extras/CoreAudio/AudioUnits/AUPublic/AUBase\" -I \"$(DEVELOPER_DIR)/Platforms/MacOSX.platform/Developer/SDKs/MacOSX.sdk/System/Library/Frameworks/AudioUnit.framework/Headers\"";
				PRODUCT_BUNDLE_IDENTIFIER = com.Dysomni.Harmonizer;
				PRODUCT_NAME = "Harmonizer";
				USE_HEADERMAP = NO;
				WRAPPER_EXTENSION = component;
			};
			name = Debug;
		};
		17C9978BD5CF08B5BCBF7D22 = {
			isa = XCBuildConfiguration;
			buildSettings = {
				CLANG_CXX_LANGUAGE_STANDARD = "c++14";
				CLANG_CXX_LIBRARY = "libc++";
				CLANG_LINK_OBJC_RUNTIME = NO;
				CODE_SIGN_IDENTITY = "";
				COMBINE_HIDPI_IMAGES = YES;
				CONFIGURATION_BUILD_DIR = "$(PROJECT_DIR)/build/$(CONFIGURATION)";
				DEAD_CODE_STRIPPING = YES;
				DEPLOYMENT_LOCATION = YES;
				DSTROOT = /;
				GCC_GENERATE_DEBUGGING_SYMBOLS = NO;
				GCC_OPTIMIZATION_LEVEL = 3;
				GCC_PREPROCESSOR_DEFINITIONS = (
					"_NDEBUG=1",
					"NDEBUG=1",
					"JUCER_XCODE_MAC_F6D2F4CF=1",
					"JUCE_APP_VERSION=1.0.0",
					"JUCE_APP_VERSION_HEX=0x10000",
					"JucePlugin_Build_VST=0",
					"JucePlugin_Build_VST3=0",
					"JucePlugin_Build_AU=1",
					"JucePlugin_Build_AUv3=0",
					"JucePlugin_Build_RTAS=0",
					"JucePlugin_Build_AAX=0",
					"JucePlugin_Build_Standalone=0",
					"JucePlugin_Build_Unity=0",
				);
				GCC_SYMBOLS_PRIVATE_EXTERN = YES;
				GCC_VERSION = com.apple.compilers.llvm.clang.1_0;
				GENERATE_PKGINFO_FILE = YES;
				HEADER_SEARCH_PATHS = (
					"../../../../JUCE/modules/juce_audio_processors/format_types/VST3_SDK",
					"../../JuceLibraryCode",
					"../../../../JUCE/modules",
					"../../../../JUCE/modules/juce_audio_plugin_client",
					"$(inherited)",
				);
				INFOPLIST_FILE = Info-AU.plist;
				INFOPLIST_PREPROCESS = NO;
				INSTALL_PATH = "$(HOME)/Library/Audio/Plug-Ins/Components/";
				LIBRARY_STYLE = Bundle;
				LLVM_LTO = YES;
				MACOSX_DEPLOYMENT_TARGET = 10.11;
				OTHER_LDFLAGS = "-bundle -lHarmonizer";
				OTHER_REZFLAGS = "-d ppc_$ppc -d i386_$i386 -d ppc64_$ppc64 -d x86_64_$x86_64 -I /System/Library/Frameworks/CoreServices.framework/Frameworks/CarbonCore.framework/Versions/A/Headers -I \"$(DEVELOPER_DIR)/Extras/CoreAudio/AudioUnits/AUPublic/AUBase\" -I \"$(DEVELOPER_DIR)/Platforms/MacOSX.platform/Developer/SDKs/MacOSX.sdk/System/Library/Frameworks/AudioUnit.framework/Headers\"";
				PRODUCT_BUNDLE_IDENTIFIER = com.Dysomni.Harmonizer;
				PRODUCT_NAME = "Harmonizer";
				USE_HEADERMAP = NO;
				WRAPPER_EXTENSION = component;
			};
			name = Release;
		};
		9BDE88712AEF906C52A9A37C = {
			isa = XCBuildConfiguration;
			buildSettings = {
				CLANG_CXX_LANGUAGE_STANDARD = "c++14";
				CLANG_CXX_LIBRARY = "libc++";
				CLANG_LINK_OBJC_RUNTIME = NO;
				CODE_SIGN_IDENTITY = "";
				COMBINE_HIDPI_IMAGES = YES;
				CONFIGURATION_BUILD_DIR = "$(PROJECT_DIR)/build/$(CONFIGURATION)";
				COPY_PHASE_STRIP = NO;
				GCC_DYNAMIC_NO_PIC = NO;
				GCC_OPTIMIZATION_LEVEL = 0;
				GCC_PREPROCESSOR_DEFINITIONS = (
					"_DEBUG=1",
					"DEBUG=1",
					"JUCER_XCODE_MAC_F6D2F4CF=1",
					"JUCE_APP_VERSION=1.0.0",
					"JUCE_APP_VERSION_HEX=0x10000",
					"JucePlugin_Build_VST=0",
					"JucePlugin_Build_VST3=0",
					"JucePlugin_Build_AU=0",
					"JucePlugin_Build_AUv3=0",
					"JucePlugin_Build_RTAS=0",
					"JucePlugin_Build_AAX=0",
					"JucePlugin_Build_Standalone=1",
					"JucePlugin_Build_Unity=0",
				);
				GCC_VERSION = com.apple.compilers.llvm.clang.1_0;
				HEADER_SEARCH_PATHS = (
					"../../../../JUCE/modules/juce_audio_processors/format_types/VST3_SDK",
					"../../JuceLibraryCode",
					"../../../../JUCE/modules",
					"../../../../JUCE/modules/juce_audio_plugin_client",
					"$(inherited)",
				);
				INFOPLIST_FILE = Info-Standalone_Plugin.plist;
				INFOPLIST_PREPROCESS = NO;
				MACOSX_DEPLOYMENT_TARGET = 10.11;
				OTHER_LDFLAGS = "-lHarmonizer";
				PRODUCT_BUNDLE_IDENTIFIER = com.Dysomni.Harmonizer;
				PRODUCT_NAME = "Harmonizer";
				USE_HEADERMAP = NO;
			};
			name = Debug;
		};
		E03A4E4C5AEFF66D43224FF3 = {
			isa = XCBuildConfiguration;
			buildSettings = {
				CLANG_CXX_LANGUAGE_STANDARD = "c++14";
				CLANG_CXX_LIBRARY = "libc++";
				CLANG_LINK_OBJC_RUNTIME = NO;
				CODE_SIGN_IDENTITY = "";
				COMBINE_HIDPI_IMAGES = YES;
				CONFIGURATION_BUILD_DIR = "$(PROJECT_DIR)/build/$(CONFIGURATION)";
				DEAD_CODE_STRIPPING = YES;
				GCC_GENERATE_DEBUGGING_SYMBOLS = NO;
				GCC_OPTIMIZATION_LEVEL = 3;
				GCC_PREPROCESSOR_DEFINITIONS = (
					"_NDEBUG=1",
					"NDEBUG=1",
					"JUCER_XCODE_MAC_F6D2F4CF=1",
					"JUCE_APP_VERSION=1.0.0",
					"JUCE_APP_VERSION_HEX=0x10000",
					"JucePlugin_Build_VST=0",
					"JucePlugin_Build_VST3=0",
					"JucePlugin_Build_AU=0",
					"JucePlugin_Build_AUv3=0",
					"JucePlugin_Build_RTAS=0",
					"JucePlugin_Build_AAX=0",
					"JucePlugin_Build_Standalone=1",
					"JucePlugin_Build_Unity=0",
				);
				GCC_SYMBOLS_PRIVATE_EXTERN = YES;
				GCC_VERSION = com.apple.compilers.llvm.clang.1_0;
				HEADER_SEARCH_PATHS = (
					"../../../../JUCE/modules/juce_audio_processors/format_types/VST3_SDK",
					"../../JuceLibraryCode",
					"../../../../JUCE/modules",
					"../../../../JUCE/modules/juce_audio_plugin_client",
					"$(inherited)",
				);
				INFOPLIST_FILE = Info-Standalone_Plugin.plist;
				INFOPLIST_PREPROCESS = NO;
				LLVM_LTO = YES;
				MACOSX_DEPLOYMENT_TARGET = 10.11;
				OTHER_LDFLAGS = "-lHarmonizer";
				PRODUCT_BUNDLE_IDENTIFIER = com.Dysomni.Harmonizer;
				PRODUCT_NAME = "Harmonizer";
				USE_HEADERMAP = NO;
			};
			name = Release;
		};
		66E4DFE24CD00D4EDDDAF0F8 = {
			isa = XCBuildConfiguration;
			buildSettings = {
				CLANG_CXX_LANGUAGE_STANDARD = "c++14";
				CLANG_CXX_LIBRARY = "libc++";
				CLANG_LINK_OBJC_RUNTIME = NO;
				CODE_SIGN_IDENTITY = "";
				COMBINE_HIDPI_IMAGES = YES;
				CONFIGURATION_BUILD_DIR = "$(PROJECT_DIR)/build/$(CONFIGURATION)";
				COPY_PHASE_STRIP = NO;
				GCC_DYNAMIC_NO_PIC = NO;
				GCC_OPTIMIZATION_LEVEL = 0;
				GCC_PREPROCESSOR_DEFINITIONS = (
					"_DEBUG=1",
					"DEBUG=1",
					"JUCER_XCODE_MAC_F6D2F4CF=1",
					"JUCE_APP_VERSION=1.0.0",
					"JUCE_APP_VERSION_HEX=0x10000",
					"JucePlugin_Build_VST=0",
					"JucePlugin_Build_VST3=1",
					"JucePlugin_Build_AU=1",
					"JucePlugin_Build_AUv3=0",
					"JucePlugin_Build_RTAS=0",
					"JucePlugin_Build_AAX=0",
					"JucePlugin_Build_Standalone=1",
					"JucePlugin_Build_Unity=0",
					"JUCE_SHARED_CODE=1",
				);
				GCC_VERSION = com.apple.compilers.llvm.clang.1_0;
				HEADER_SEARCH_PATHS = (
					"../../../../JUCE/modules/juce_audio_processors/format_types/VST3_SDK",
					"../../JuceLibraryCode",
					"../../../../JUCE/modules",
					"../../../../JUCE/modules/juce_audio_plugin_client",
					"$(inherited)",
				);
				INSTALL_PATH = "@executable_path/../Frameworks";
				MACOSX_DEPLOYMENT_TARGET = 10.11;
				PRODUCT_BUNDLE_IDENTIFIER = com.Dysomni.Harmonizer;
				PRODUCT_NAME = "Harmonizer";
				SKIP_INSTALL = YES;
				USE_HEADERMAP = NO;
			};
			name = Debug;
		};
		A0F42728DD6F64BCB58BB110 = {
			isa = XCBuildConfiguration;
			buildSettings = {
				CLANG_CXX_LANGUAGE_STANDARD = "c++14";
				CLANG_CXX_LIBRARY = "libc++";
				CLANG_LINK_OBJC_RUNTIME = NO;
				CODE_SIGN_IDENTITY = "";
				COMBINE_HIDPI_IMAGES = YES;
				CONFIGURATION_BUILD_DIR = "$(PROJECT_DIR)/build/$(CONFIGURATION)";
				DEAD_CODE_STRIPPING = YES;
				GCC_GENERATE_DEBUGGING_SYMBOLS = NO;
				GCC_OPTIMIZATION_LEVEL = 3;
				GCC_PREPROCESSOR_DEFINITIONS = (
					"_NDEBUG=1",
					"NDEBUG=1",
					"JUCER_XCODE_MAC_F6D2F4CF=1",
					"JUCE_APP_VERSION=1.0.0",
					"JUCE_APP_VERSION_HEX=0x10000",
					"JucePlugin_Build_VST=0",
					"JucePlugin_Build_VST3=1",
					"JucePlugin_Build_AU=1",
					"JucePlugin_Build_AUv3=0",
					"JucePlugin_Build_RTAS=0",
					"JucePlugin_Build_AAX=0",
					"JucePlugin_Build_Standalone=1",
					"JucePlugin_Build_Unity=0",
					"JUCE_SHARED_CODE=1",
				);
				GCC_SYMBOLS_PRIVATE_EXTERN = YES;
				GCC_VERSION = com.apple.compilers.llvm.clang.1_0;
				HEADER_SEARCH_PATHS = (
					"../../../../JUCE/modules/juce_audio_processors/format_types/VST3_SDK",
					"../../JuceLibraryCode",
					"../../../../JUCE/modules",
					"../../../../JUCE/modules/juce_audio_plugin_client",
					"$(inherited)",
				);
				INSTALL_PATH = "@executable_path/../Frameworks";
				LLVM_LTO = YES;
				MACOSX_DEPLOYMENT_TARGET = 10.11;
				PRODUCT_BUNDLE_IDENTIFIER = com.Dysomni.Harmonizer;
				PRODUCT_NAME = "Harmonizer";
				SKIP_INSTALL = YES;
				USE_HEADERMAP = NO;
			};
			name = Release;
		};
		F5DC28553940EDD40D53B2D2 = {
			isa = XCBuildConfiguration;
			buildSettings = {
				ALWAYS_SEARCH_USER_PATHS = NO;
				CLANG_ENABLE_OBJC_WEAK = YES;
				CLANG_WARN_BLOCK_CAPTURE_AUTORELEASING = YES;
				CLANG_WARN_BOOL_CONVERSION = YES;
				CLANG_WARN_COMMA = YES;
				CLANG_WARN_CONSTANT_CONVERSION = YES;
				CLANG_WARN_DEPRECATED_OBJC_IMPLEMENTATIONS = YES;
				CLANG_WARN_EMPTY_BODY = YES;
				CLANG_WARN_ENUM_CONVERSION = YES;
				CLANG_WARN_INFINITE_RECURSION = YES;
				CLANG_WARN_INT_CONVERSION = YES;
				CLANG_WARN_NON_LITERAL_NULL_CONVERSION = YES;
				CLANG_WARN_OBJC_IMPLICIT_RETAIN_SELF = YES;
				CLANG_WARN_OBJC_LITERAL_CONVERSION = YES;
				CLANG_WARN_RANGE_LOOP_ANALYSIS = YES;
				CLANG_WARN_STRICT_PROTOTYPES = YES;
				CLANG_WARN_SUSPICIOUS_MOVE = YES;
				CLANG_WARN_UNREACHABLE_CODE = YES;
				CLANG_WARN__DUPLICATE_METHOD_MATCH = YES;
				CODE_SIGN_IDENTITY = "";
				DEBUG_INFORMATION_FORMAT = dwarf;
				ENABLE_STRICT_OBJC_MSGSEND = YES;
				ENABLE_TESTABILITY = YES;
				GCC_C_LANGUAGE_STANDARD = c11;
				GCC_INLINES_ARE_PRIVATE_EXTERN = YES;
				GCC_MODEL_TUNING = G5;
				GCC_NO_COMMON_BLOCKS = YES;
				GCC_WARN_64_TO_32_BIT_CONVERSION = YES;
				GCC_WARN_ABOUT_RETURN_TYPE = YES;
				GCC_WARN_CHECK_SWITCH_STATEMENTS = YES;
				GCC_WARN_MISSING_PARENTHESES = YES;
				GCC_WARN_NON_VIRTUAL_DESTRUCTOR = YES;
				GCC_WARN_TYPECHECK_CALLS_TO_PRINTF = YES;
				GCC_WARN_UNDECLARED_SELECTOR = YES;
				GCC_WARN_UNINITIALIZED_AUTOS = YES;
				GCC_WARN_UNUSED_FUNCTION = YES;
				GCC_WARN_UNUSED_VARIABLE = YES;
				ONLY_ACTIVE_ARCH = YES;
				PRODUCT_NAME = "Harmonizer";
				WARNING_CFLAGS = "-Wreorder";
				ZERO_LINK = NO;
			};
			name = Debug;
		};
		DB595BB834FEB9754BA2D83C = {
			isa = XCBuildConfiguration;
			buildSettings = {
				ALWAYS_SEARCH_USER_PATHS = NO;
				CLANG_ENABLE_OBJC_WEAK = YES;
				CLANG_WARN_BLOCK_CAPTURE_AUTORELEASING = YES;
				CLANG_WARN_BOOL_CONVERSION = YES;
				CLANG_WARN_COMMA = YES;
				CLANG_WARN_CONSTANT_CONVERSION = YES;
				CLANG_WARN_DEPRECATED_OBJC_IMPLEMENTATIONS = YES;
				CLANG_WARN_EMPTY_BODY = YES;
				CLANG_WARN_ENUM_CONVERSION = YES;
				CLANG_WARN_INFINITE_RECURSION = YES;
				CLANG_WARN_INT_CONVERSION = YES;
				CLANG_WARN_NON_LITERAL_NULL_CONVERSION = YES;
				CLANG_WARN_OBJC_IMPLICIT_RETAIN_SELF = YES;
				CLANG_WARN_OBJC_LITERAL_CONVERSION = YES;
				CLANG_WARN_RANGE_LOOP_ANALYSIS = YES;
				CLANG_WARN_STRICT_PROTOTYPES = YES;
				CLANG_WARN_SUSPICIOUS_MOVE = YES;
				CLANG_WARN_UNREACHABLE_CODE = YES;
				CLANG_WARN__DUPLICATE_METHOD_MATCH = YES;
				CODE_SIGN_IDENTITY = "";
				DEBUG_INFORMATION_FORMAT = dwarf;
				ENABLE_STRICT_OBJC_MSGSEND = YES;
				GCC_C_LANGUAGE_STANDARD = c11;
				GCC_INLINES_ARE_PRIVATE_EXTERN = YES;
				GCC_MODEL_TUNING = G5;
				GCC_NO_COMMON_BLOCKS = YES;
				GCC_WARN_64_TO_32_BIT_CONVERSION = YES;
				GCC_WARN_ABOUT_RETURN_TYPE = YES;
				GCC_WARN_CHECK_SWITCH_STATEMENTS = YES;
				GCC_WARN_MISSING_PARENTHESES = YES;
				GCC_WARN_NON_VIRTUAL_DESTRUCTOR = YES;
				GCC_WARN_TYPECHECK_CALLS_TO_PRINTF = YES;
				GCC_WARN_UNDECLARED_SELECTOR = YES;
				GCC_WARN_UNINITIALIZED_AUTOS = YES;
				GCC_WARN_UNUSED_FUNCTION = YES;
				GCC_WARN_UNUSED_VARIABLE = YES;
				PRODUCT_NAME = "Harmonizer";
				WARNING_CFLAGS = "-Wreorder";
				ZERO_LINK = NO;
			};
			name = Release;
		};
		5E474EC89F9F060F0F8F1E94 = {
			isa = PBXTargetDependency;
			target = BB532EC3EAC140E5A1EE9A34;
		};
		275933E4D491F7F7800CAA7A = {
			isa = PBXTargetDependency;
			target = E6A8FE5BBCF799514732D0B2;
		};
		E5132F7DF724ABA79F3A7F70 = {
			isa = PBXTargetDependency;
			target = 1EB62F2639CDB83D895AB86B;
		};
		C3A0AF4278F5E77A5B874FA1 = {
			isa = PBXTargetDependency;
			target = 6207DBFF164B34CED0FEED2C;
		};
		82DE1766D5D55175B99F012A = {
			isa = XCConfigurationList;
			buildConfigurations = (
				F5DC28553940EDD40D53B2D2,
				DB595BB834FEB9754BA2D83C,
			);
			defaultConfigurationIsVisible = 0;
			defaultConfigurationName = Debug;
		};
		6E5C2E0225D2B3D55F36CE89 = {
			isa = XCConfigurationList;
			buildConfigurations = (
				64342F113FA071BBC8E07B24,
				17053E47AD66506E4B008FAE,
			);
			defaultConfigurationIsVisible = 0;
			defaultConfigurationName = Debug;
		};
		0C52378A3BEC188AA94940EA = {
			isa = PBXAggregateTarget;
			buildConfigurationList = 6E5C2E0225D2B3D55F36CE89;
			buildPhases = ( );
			buildRules = ( );
			dependencies = (
				5E474EC89F9F060F0F8F1E94,
				275933E4D491F7F7800CAA7A,
				E5132F7DF724ABA79F3A7F70,
				C3A0AF4278F5E77A5B874FA1,
			);
			name = "Harmonizer - All";
			productName = Harmonizer;
		};
		7D4BC56439F175AEFB1C9652 = {
			isa = XCConfigurationList;
			buildConfigurations = (
				801C380282CD0541F73EF817,
				5C17FEB57C2F8FCB2E452AC5,
			);
			defaultConfigurationIsVisible = 0;
			defaultConfigurationName = Debug;
		};
		CDC8FE43A91E843174C84BB5 = {
			isa = PBXResourcesBuildPhase;
			buildActionMask = 2147483647;
			files = (
				0D964548E5E55D53B6094F5A,
			);
			runOnlyForDeploymentPostprocessing = 0;
		};
		750C7551EF6E9351955F4E12 = {
			isa = PBXSourcesBuildPhase;
			buildActionMask = 2147483647;
			files = (
				94D8C24DFDC38B270B57FCA2,
			);
			runOnlyForDeploymentPostprocessing = 0;
		};
		B31532F77501D400DAF86BBE = {
			isa = PBXFrameworksBuildPhase;
			buildActionMask = 2147483647;
			files = (
				FC90824E2C001DC1991D78B7,
				08990DB773591976358F9A8E,
				BB9B5021F93AE7190AB7A298,
				0E5ACE791BCD352534A0C50F,
				03998337E549E74608FE2AD1,
				A0E7903855CEBCB72C7D8A61,
				99842EADEB4A4E364E25F230,
				C4444574723B9D194F531806,
				00200A9139C847D9AC89F9B5,
				0687AF7257B81FC1075C0EAB,
				404CF61E9BBCAB1D2DDA4251,
				E0676610B2D05B0FEA9F84FE,
			);
			runOnlyForDeploymentPostprocessing = 0;
		};
		BB532EC3EAC140E5A1EE9A34 = {
			isa = PBXNativeTarget;
			buildConfigurationList = 7D4BC56439F175AEFB1C9652;
			buildPhases = (
				CDC8FE43A91E843174C84BB5,
				750C7551EF6E9351955F4E12,
				B31532F77501D400DAF86BBE,
			);
			buildRules = ( );
			dependencies = (
				C3A0AF4278F5E77A5B874FA1,
			);
			name = "Harmonizer - VST3";
			productName = Harmonizer;
			productReference = 680A70852BFB8D916ED57FA1;
			productType = "com.apple.product-type.bundle";
		};
		03B81A3D1F14D74BD9C321E9 = {
			isa = XCConfigurationList;
			buildConfigurations = (
				8ECFF27076D5D837909CCA67,
				17C9978BD5CF08B5BCBF7D22,
			);
			defaultConfigurationIsVisible = 0;
			defaultConfigurationName = Debug;
		};
		F0D532E36D3127C294D201F3 = {
			isa = PBXResourcesBuildPhase;
			buildActionMask = 2147483647;
			files = (
				0D964548E5E55D53B6094F5A,
			);
			runOnlyForDeploymentPostprocessing = 0;
		};
		1C072AF39D5EC8ABDF0F105F = {
			isa = PBXRezBuildPhase;
			buildActionMask = 2147483647;
			files = (
				9C84D786AC667A740978EF04,
			);
			runOnlyForDeploymentPostprocessing = 0;
		};
		84DF7FD8CCD90B1133D14684 = {
			isa = PBXSourcesBuildPhase;
			buildActionMask = 2147483647;
			files = (
				082D935EA4B9C9706ED2D533,
				063882805E3A11986B308254,
			);
			runOnlyForDeploymentPostprocessing = 0;
		};
		5FE1802EE533547C1A545469 = {
			isa = PBXFrameworksBuildPhase;
			buildActionMask = 2147483647;
			files = (
				FC90824E2C001DC1991D78B7,
				08990DB773591976358F9A8E,
				F86275D5B0C1C14D710245F4,
				BB9B5021F93AE7190AB7A298,
				0E5ACE791BCD352534A0C50F,
				03998337E549E74608FE2AD1,
				A0E7903855CEBCB72C7D8A61,
				99842EADEB4A4E364E25F230,
				C4444574723B9D194F531806,
				00200A9139C847D9AC89F9B5,
				0687AF7257B81FC1075C0EAB,
				404CF61E9BBCAB1D2DDA4251,
				E0676610B2D05B0FEA9F84FE,
			);
			runOnlyForDeploymentPostprocessing = 0;
		};
		E6A8FE5BBCF799514732D0B2 = {
			isa = PBXNativeTarget;
			buildConfigurationList = 03B81A3D1F14D74BD9C321E9;
			buildPhases = (
				F0D532E36D3127C294D201F3,
				1C072AF39D5EC8ABDF0F105F,
				84DF7FD8CCD90B1133D14684,
				5FE1802EE533547C1A545469,
			);
			buildRules = ( );
			dependencies = (
				C3A0AF4278F5E77A5B874FA1,
			);
			name = "Harmonizer - AU";
			productName = Harmonizer;
			productReference = 9651931B74832986D0A32A21;
			productType = "com.apple.product-type.bundle";
		};
		CC8D5A2BC243F1A4506035FE = {
			isa = XCConfigurationList;
			buildConfigurations = (
				9BDE88712AEF906C52A9A37C,
				E03A4E4C5AEFF66D43224FF3,
			);
			defaultConfigurationIsVisible = 0;
			defaultConfigurationName = Debug;
		};
		F5819AD992A61D504F3BB1B3 = {
			isa = PBXResourcesBuildPhase;
			buildActionMask = 2147483647;
			files = (
				0D964548E5E55D53B6094F5A,
			);
			runOnlyForDeploymentPostprocessing = 0;
		};
		D9D4EA91150A027433BCEDCA = {
			isa = PBXSourcesBuildPhase;
			buildActionMask = 2147483647;
			files = (
				AA713E593C69B0D07F5A633A,
			);
			runOnlyForDeploymentPostprocessing = 0;
		};
		9EC57B89EA7BD505974DED2B = {
			isa = PBXFrameworksBuildPhase;
			buildActionMask = 2147483647;
			files = (
				FC90824E2C001DC1991D78B7,
				08990DB773591976358F9A8E,
				BB9B5021F93AE7190AB7A298,
				0E5ACE791BCD352534A0C50F,
				03998337E549E74608FE2AD1,
				A0E7903855CEBCB72C7D8A61,
				99842EADEB4A4E364E25F230,
				C4444574723B9D194F531806,
				00200A9139C847D9AC89F9B5,
				0687AF7257B81FC1075C0EAB,
				404CF61E9BBCAB1D2DDA4251,
				E0676610B2D05B0FEA9F84FE,
			);
			runOnlyForDeploymentPostprocessing = 0;
		};
		1EB62F2639CDB83D895AB86B = {
			isa = PBXNativeTarget;
			buildConfigurationList = CC8D5A2BC243F1A4506035FE;
			buildPhases = (
				F5819AD992A61D504F3BB1B3,
				D9D4EA91150A027433BCEDCA,
				9EC57B89EA7BD505974DED2B,
			);
			buildRules = ( );
			dependencies = (
				C3A0AF4278F5E77A5B874FA1,
			);
			name = "Harmonizer - Standalone Plugin";
			productName = Harmonizer;
			productReference = 0E2A81EC2CD8D077C1AE1EF1;
			productType = "com.apple.product-type.application";
		};
		A6B8AB4B4D4AA46F9A005AD5 = {
			isa = XCConfigurationList;
			buildConfigurations = (
				66E4DFE24CD00D4EDDDAF0F8,
				A0F42728DD6F64BCB58BB110,
			);
			defaultConfigurationIsVisible = 0;
			defaultConfigurationName = Debug;
		};
		B8F5F63FF20123B8E0FA442A = {
			isa = PBXSourcesBuildPhase;
			buildActionMask = 2147483647;
			files = (
				72729D50EC6600D4958DD39B,
				0DB655E7A9FA4AF7F702DAC5,
				5450D8BCC0A21308F81DA00D,
				5B5F87E93DE386B1B4D5F8CF,
				2ADBD475F0A74C47F0856BC2,
				C9D87E1B96AAFA6BFC331247,
				72874B466EB7AAF4E58278A7,
				F84F9C73C497F53CAC7E2E11,
				E2928ED96817C18B29973771,
				1436DB720FCDC75C84E66F03,
				23359CE47F6B2AEC55425542,
				2E20F90388177B69C1FCC00F,
				C3CE7B1AE0917570D823C772,
				46C9E23BB9152543391C1E3F,
				A9806997531A8AF5A79EEFA0,
				F2B12AF9ABCE6188FCCC2CD1,
				87AF08DF775D465A4C0F2948,
			);
			runOnlyForDeploymentPostprocessing = 0;
		};
		6207DBFF164B34CED0FEED2C = {
			isa = PBXNativeTarget;
			buildConfigurationList = A6B8AB4B4D4AA46F9A005AD5;
			buildPhases = (
				B8F5F63FF20123B8E0FA442A,
			);
			buildRules = ( );
			dependencies = ( );
			name = "Harmonizer - Shared Code";
			productName = Harmonizer;
			productReference = 0EF9712E95F7B0D51D7089A1;
			productType = "com.apple.product-type.library.static";
		};
		1326AADF8F0A5D087DCFE5A2 = {
			isa = PBXProject;
			buildConfigurationList = 82DE1766D5D55175B99F012A;
			attributes = { LastUpgradeCheck = 1100; ORGANIZATIONNAME = "Dysomni"; TargetAttributes = { 0C52378A3BEC188AA94940EA = { SystemCapabilities = {com.apple.ApplicationGroups.iOS = { enabled = 0; }; com.apple.InAppPurchase = { enabled = 0; }; com.apple.InterAppAudio = { enabled = 0; }; com.apple.Push = { enabled = 0; }; com.apple.Sandbox = { enabled = 0; }; com.apple.HardenedRuntime = { enabled = 0; }; }; };BB532EC3EAC140E5A1EE9A34 = { SystemCapabilities = {com.apple.ApplicationGroups.iOS = { enabled = 0; }; com.apple.InAppPurchase = { enabled = 0; }; com.apple.InterAppAudio = { enabled = 0; }; com.apple.Push = { enabled = 0; }; com.apple.Sandbox = { enabled = 0; }; com.apple.HardenedRuntime = { enabled = 0; }; }; };E6A8FE5BBCF799514732D0B2 = { SystemCapabilities = {com.apple.ApplicationGroups.iOS = { enabled = 0; }; com.apple.InAppPurchase = { enabled = 0; }; com.apple.InterAppAudio = { enabled = 0; }; com.apple.Push = { enabled = 0; }; com.apple.Sandbox = { enabled = 0; }; com.apple.HardenedRuntime = { enabled = 0; }; }; };1EB62F2639CDB83D895AB86B = { SystemCapabilities = {com.apple.ApplicationGroups.iOS = { enabled = 0; }; com.apple.InAppPurchase = { enabled = 0; }; com.apple.InterAppAudio = { enabled = 0; }; com.apple.Push = { enabled = 0; }; com.apple.Sandbox = { enabled = 0; }; com.apple.HardenedRuntime = { enabled = 0; }; }; };6207DBFF164B34CED0FEED2C = { SystemCapabilities = {com.apple.ApplicationGroups.iOS = { enabled = 0; }; com.apple.InAppPurchase = { enabled = 0; }; com.apple.InterAppAudio = { enabled = 0; }; com.apple.Push = { enabled = 0; }; com.apple.Sandbox = { enabled = 0; }; com.apple.HardenedRuntime = { enabled = 0; }; }; }; }; };
			compatibilityVersion = "Xcode 3.2";
			hasScannedForEncodings = 0;
			mainGroup = EB895E222C8ACA763E6EA3C8;
			projectDirPath = "";
			projectRoot = "";
			targets = (0C52378A3BEC188AA94940EA, BB532EC3EAC140E5A1EE9A34, E6A8FE5BBCF799514732D0B2, 1EB62F2639CDB83D895AB86B, 6207DBFF164B34CED0FEED2C);
			knownRegions = (en, Base);
		};
	};
	rootObject = 1326AADF8F0A5D087DCFE5A2;
}
